# This file is generated by running "yarn install" inside your project.
# Manual changes might be lost - proceed with caution!

__metadata:
  version: 6
  cacheKey: 8

"0http@npm:^3.2.0":
  version: 3.3.0
  resolution: "0http@npm:3.3.0"
  dependencies:
    lru-cache: ^6.0.0
    regexparam: ^2.0.0
    trouter: ^3.2.0
  checksum: 5ddcfef2142cb9d12cdd41f186e1e52fb45467c790fa45d91be9a4156b09c4799ab70a9618da257491180698db425ec79e2b8e1e66a114809046622d0301418d
  languageName: node
  linkType: hard

"accepts@npm:~1.3.5":
  version: 1.3.8
  resolution: "accepts@npm:1.3.8"
  dependencies:
    mime-types: ~2.1.34
    negotiator: 0.6.3
  checksum: 50c43d32e7b50285ebe84b613ee4a3aa426715a7d131b65b786e2ead0fd76b6b60091b9916d3478a75f11f162628a2139991b6c03ab3f1d9ab7c86075dc8eab4
  languageName: node
  linkType: hard

"bytes@npm:3.0.0":
  version: 3.0.0
  resolution: "bytes@npm:3.0.0"
  checksum: a2b386dd8188849a5325f58eef69c3b73c51801c08ffc6963eddc9be244089ba32d19347caf6d145c86f315ae1b1fc7061a32b0c1aa6379e6a719090287ed101
  languageName: node
  linkType: hard

"compressible@npm:~2.0.16":
  version: 2.0.18
  resolution: "compressible@npm:2.0.18"
  dependencies:
    mime-db: ">= 1.43.0 < 2"
  checksum: 58321a85b375d39230405654721353f709d0c1442129e9a17081771b816302a012471a9b8f4864c7dbe02eef7f2aaac3c614795197092262e94b409c9be108f0
  languageName: node
  linkType: hard

"compression@npm:^1.7.4":
  version: 1.7.4
  resolution: "compression@npm:1.7.4"
  dependencies:
    accepts: ~1.3.5
    bytes: 3.0.0
    compressible: ~2.0.16
    debug: 2.6.9
    on-headers: ~1.0.2
    safe-buffer: 5.1.2
    vary: ~1.1.2
  checksum: 35c0f2eb1f28418978615dc1bc02075b34b1568f7f56c62d60f4214d4b7cc00d0f6d282b5f8a954f59872396bd770b6b15ffd8aa94c67d4bce9b8887b906999b
  languageName: node
  linkType: hard

"cors@npm:^2.8.5":
  version: 2.8.5
  resolution: "cors@npm:2.8.5"
  dependencies:
    object-assign: ^4
    vary: ^1
  checksum: ced838404ccd184f61ab4fdc5847035b681c90db7ac17e428f3d81d69e2989d2b680cc254da0e2554f5ed4f8a341820a1ce3d1c16b499f6e2f47a1b9b07b5006
  languageName: node
  linkType: hard

"debug@npm:2.6.9":
  version: 2.6.9
  resolution: "debug@npm:2.6.9"
  dependencies:
    ms: 2.0.0
  checksum: d2f51589ca66df60bf36e1fa6e4386b318c3f1e06772280eea5b1ae9fd3d05e9c2b7fd8a7d862457d00853c75b00451aa2d7459b924629ee385287a650f58fe6
  languageName: node
  linkType: hard

"lru-cache@npm:^6.0.0":
  version: 6.0.0
  resolution: "lru-cache@npm:6.0.0"
  dependencies:
    yallist: ^4.0.0
  checksum: f97f499f898f23e4585742138a22f22526254fdba6d75d41a1c2526b3b6cc5747ef59c5612ba7375f42aca4f8461950e925ba08c991ead0651b4918b7c978297
  languageName: node
  linkType: hard

"mime-db@npm:1.52.0, mime-db@npm:>= 1.43.0 < 2":
  version: 1.52.0
  resolution: "mime-db@npm:1.52.0"
  checksum: 0d99a03585f8b39d68182803b12ac601d9c01abfa28ec56204fa330bc9f3d1c5e14beb049bafadb3dbdf646dfb94b87e24d4ec7b31b7279ef906a8ea9b6a513f
  languageName: node
  linkType: hard

"mime-types@npm:~2.1.34":
  version: 2.1.35
  resolution: "mime-types@npm:2.1.35"
  dependencies:
    mime-db: 1.52.0
  checksum: 89a5b7f1def9f3af5dad6496c5ed50191ae4331cc5389d7c521c8ad28d5fdad2d06fd81baf38fed813dc4e46bb55c8145bb0ff406330818c9cf712fb2e9b3836
  languageName: node
  linkType: hard

"ms@npm:2.0.0":
  version: 2.0.0
  resolution: "ms@npm:2.0.0"
  checksum: 0e6a22b8b746d2e0b65a430519934fefd41b6db0682e3477c10f60c76e947c4c0ad06f63ffdf1d78d335f83edee8c0aa928aa66a36c7cd95b69b26f468d527f4
  languageName: node
  linkType: hard

"mustache@npm:^4.2.0":
  version: 4.2.0
  resolution: "mustache@npm:4.2.0"
  bin:
    mustache: bin/mustache
  checksum: 928fcb63e3aa44a562bfe9b59ba202cccbe40a46da50be6f0dd831b495be1dd7e38ca4657f0ecab2c1a89dc7bccba0885eab7ee7c1b215830da765758c7e0506
  languageName: node
  linkType: hard

"negotiator@npm:0.6.3":
  version: 0.6.3
  resolution: "negotiator@npm:0.6.3"
  checksum: b8ffeb1e262eff7968fc90a2b6767b04cfd9842582a9d0ece0af7049537266e7b2506dfb1d107a32f06dd849ab2aea834d5830f7f4d0e5cb7d36e1ae55d021d9
  languageName: node
  linkType: hard

"object-assign@npm:^4":
  version: 4.1.1
  resolution: "object-assign@npm:4.1.1"
  checksum: fcc6e4ea8c7fe48abfbb552578b1c53e0d194086e2e6bbbf59e0a536381a292f39943c6e9628af05b5528aa5e3318bb30d6b2e53cadaf5b8fe9e12c4b69af23f
  languageName: node
  linkType: hard

"on-headers@npm:~1.0.2":
  version: 1.0.2
  resolution: "on-headers@npm:1.0.2"
  checksum: 2bf13467215d1e540a62a75021e8b318a6cfc5d4fc53af8e8f84ad98dbcea02d506c6d24180cd62e1d769c44721ba542f3154effc1f7579a8288c9f7873ed8e5
  languageName: node
  linkType: hard

"regexparam@npm:^1.3.0":
  version: 1.3.0
  resolution: "regexparam@npm:1.3.0"
  checksum: ea6449d9984392cdf401d3d9b722a56357224fba7e9fdf2887f1901e0d3a838052d3b92b30f2276047bf5d5b6a1a90b7dff6aa1c89599b246a86285e7e3e3fd4
  languageName: node
  linkType: hard

"regexparam@npm:^2.0.0":
  version: 2.0.0
  resolution: "regexparam@npm:2.0.0"
  checksum: 8db9559041b5f5304fd224b5c87b33f12bbb97e07292e7f573a57d73690c0f2e3e2a956fefe6169527b5585d7d0828b8aecedcf61ce5fae40530185ebcae3031
  languageName: node
  linkType: hard

"restana@npm:^4.9.5":
  version: 4.9.5
  resolution: "restana@npm:4.9.5"
  dependencies:
    0http: ^3.2.0
  checksum: 53ae5aa7d8f3173783c925a569f7a0defa152d3c05db994a342c9b07971ec832e16b8c4f991d3c676f6e19d605b54a3cbb9237d179f2d9e023a17a0842f0fdf7
  languageName: node
  linkType: hard

"safe-buffer@npm:5.1.2":
  version: 5.1.2
  resolution: "safe-buffer@npm:5.1.2"
  checksum: f2f1f7943ca44a594893a852894055cf619c1fbcb611237fc39e461ae751187e7baf4dc391a72125e0ac4fb2d8c5c0b3c71529622e6a58f46b960211e704903c
  languageName: node
  linkType: hard

"shawi-list-files@workspace:.":
  version: 0.0.0-use.local
  resolution: "shawi-list-files@workspace:."
  dependencies:
    compression: ^1.7.4
    cors: ^2.8.5
    mustache: ^4.2.0
    restana: ^4.9.5
  languageName: unknown
  linkType: soft

"trouter@npm:^3.2.0":
  version: 3.2.0
  resolution: "trouter@npm:3.2.0"
  dependencies:
    regexparam: ^1.3.0
  checksum: 50beb18d4cf0239fe5ee81368d59f08b25298869d169d39c35b1c1d142e922025e14a648989382da70d4064d2ac7900b4348401caa0a235c3cccabaaa85351ef
  languageName: node
  linkType: hard

"vary@npm:^1, vary@npm:~1.1.2":
  version: 1.1.2
  resolution: "vary@npm:1.1.2"
  checksum: ae0123222c6df65b437669d63dfa8c36cee20a504101b2fcd97b8bf76f91259c17f9f2b4d70a1e3c6bbcee7f51b28392833adb6b2770b23b01abec84e369660b
  languageName: node
  linkType: hard

"yallist@npm:^4.0.0":
  version: 4.0.0
  resolution: "yallist@npm:4.0.0"
  checksum: 343617202af32df2a15a3be36a5a8c0c8545208f3d3dfbc6bb7c3e3b7e8c6f8e7485432e4f3b88da3031a6e20afa7c711eded32ddfb122896ac5d914e75848d5
  languageName: node
  linkType: hard
